
Microsoft Visual Studio Solution File, Format Version 12.00
# Visual Studio Version 17
VisualStudioVersion = 17.2.32630.192
MinimumVisualStudioVersion = 10.0.40219.1
Project("{9A19103F-16F7-4668-BE54-9A1E7A4F7556}") = "SaleApi", "SaleApi\SaleApi.csproj", "{C0361A93-3C2A-4092-95CA-0CA8790DAD13}"
EndProject
Project("{9A19103F-16F7-4668-BE54-9A1E7A4F7556}") = "CrossCutting", "CrossCutting\CrossCutting.csproj", "{9B1CC31A-6EF5-4D4C-8FED-EC06759EE455}"
EndProject
Project("{9A19103F-16F7-4668-BE54-9A1E7A4F7556}") = "Data", "Data\Data.csproj", "{EBA74984-25DA-4B8B-8C2F-55DC70B495CB}"
EndProject
Project("{9A19103F-16F7-4668-BE54-9A1E7A4F7556}") = "Service", "Service\Service.csproj", "{F4E88F62-6AB5-4A8A-BF80-3882905549F3}"
EndProject
Project("{9A19103F-16F7-4668-BE54-9A1E7A4F7556}") = "Domain", "Domain\Domain.csproj", "{C00EB415-9856-4760-928F-89F5F0DA1A65}"
EndProject
Global
	GlobalSection(SolutionConfigurationPlatforms) = preSolution
		Debug|Any CPU = Debug|Any CPU
		Release|Any CPU = Release|Any CPU
	EndGlobalSection
	GlobalSection(ProjectConfigurationPlatforms) = postSolution
		{C0361A93-3C2A-4092-95CA-0CA8790DAD13}.Debug|Any CPU.ActiveCfg = Debug|Any CPU
		{C0361A93-3C2A-4092-95CA-0CA8790DAD13}.Debug|Any CPU.Build.0 = Debug|Any CPU
		{C0361A93-3C2A-4092-95CA-0CA8790DAD13}.Release|Any CPU.ActiveCfg = Release|Any CPU
		{C0361A93-3C2A-4092-95CA-0CA8790DAD13}.Release|Any CPU.Build.0 = Release|Any CPU
		{9B1CC31A-6EF5-4D4C-8FED-EC06759EE455}.Debug|Any CPU.ActiveCfg = Debug|Any CPU
		{9B1CC31A-6EF5-4D4C-8FED-EC06759EE455}.Debug|Any CPU.Build.0 = Debug|Any CPU
		{9B1CC31A-6EF5-4D4C-8FED-EC06759EE455}.Release|Any CPU.ActiveCfg = Release|Any CPU
		{9B1CC31A-6EF5-4D4C-8FED-EC06759EE455}.Release|Any CPU.Build.0 = Release|Any CPU
		{EBA74984-25DA-4B8B-8C2F-55DC70B495CB}.Debug|Any CPU.ActiveCfg = Debug|Any CPU
		{EBA74984-25DA-4B8B-8C2F-55DC70B495CB}.Debug|Any CPU.Build.0 = Debug|Any CPU
		{EBA74984-25DA-4B8B-8C2F-55DC70B495CB}.Release|Any CPU.ActiveCfg = Release|Any CPU
		{EBA74984-25DA-4B8B-8C2F-55DC70B495CB}.Release|Any CPU.Build.0 = Release|Any CPU
		{F4E88F62-6AB5-4A8A-BF80-3882905549F3}.Debug|Any CPU.ActiveCfg = Debug|Any CPU
		{F4E88F62-6AB5-4A8A-BF80-3882905549F3}.Debug|Any CPU.Build.0 = Debug|Any CPU
		{F4E88F62-6AB5-4A8A-BF80-3882905549F3}.Release|Any CPU.ActiveCfg = Release|Any CPU
		{F4E88F62-6AB5-4A8A-BF80-3882905549F3}.Release|Any CPU.Build.0 = Release|Any CPU
		{C00EB415-9856-4760-928F-89F5F0DA1A65}.Debug|Any CPU.ActiveCfg = Debug|Any CPU
		{C00EB415-9856-4760-928F-89F5F0DA1A65}.Debug|Any CPU.Build.0 = Debug|Any CPU
		{C00EB415-9856-4760-928F-89F5F0DA1A65}.Release|Any CPU.ActiveCfg = Release|Any CPU
		{C00EB415-9856-4760-928F-89F5F0DA1A65}.Release|Any CPU.Build.0 = Release|Any CPU
	EndGlobalSection
	GlobalSection(SolutionProperties) = preSolution
		HideSolutionNode = FALSE
	EndGlobalSection
	GlobalSection(ExtensibilityGlobals) = postSolution
		SolutionGuid = {C7CD8D7F-FE26-4518-B567-184D3E6DA79F}
	EndGlobalSection
EndGlobal
